%{
  "bmp280": {:hex, :bmp280, "0.2.13", "2599e8cd7cbc11762f5f0da00ef42238bd20bb5c6b9a90291200f6171f62068b", [:mix], [{:circuits_i2c, "~> 0.3.0 or ~> 1.0 or ~> 2.0", [hex: :circuits_i2c, repo: "hexpm", optional: false]}], "hexpm", "01bb119684be8a82a03f51b0540c816b7a68667b3958bbb8009f830ac198c883"},
  "circuits_gpio": {:hex, :circuits_gpio, "2.1.3", "7f5b8262a7ee39729b11b42cb5ce3216145649aa315fd08fc3405ca7139382b4", [:make, :mix], [{:elixir_make, "~> 0.6", [hex: :elixir_make, repo: "hexpm", optional: false]}], "hexpm", "8616d3085f0e3b794f330cef8d4200ed83a0a2a8edf011d75d9e024299118220"},
  "circuits_i2c": {:hex, :circuits_i2c, "2.1.0", "0656ea5d106744c498a8cd778f39c0685ab574e3da7159814cfbfe709001f0e5", [:make, :mix], [{:elixir_make, "~> 0.6", [hex: :elixir_make, repo: "hexpm", optional: false]}], "hexpm", "3751a875a9d728080fdbc5fd352f728d4746a82e17e52f4444c406200349f6ac"},
  "elixir_make": {:hex, :elixir_make, "0.9.0", "6484b3cd8c0cee58f09f05ecaf1a140a8c97670671a6a0e7ab4dc326c3109726", [:mix], [], "hexpm", "db23d4fd8b757462ad02f8aa73431a426fe6671c80b200d9710caf3d1dd0ffdb"},
}
